
Microsoft Visual Studio Solution File, Format Version 12.00
# Visual Studio Version 16
VisualStudioVersion = 16.0.31515.178
MinimumVisualStudioVersion = 10.0.40219.1
Project("{FAE04EC0-301F-11D3-BF4B-00C04F79EFBC}") = "MergeKSortedLists", "MergeKSortedLists.csproj", "{2F1EF791-A08A-481F-9836-624959884389}"
EndProject
Global
	GlobalSection(SolutionConfigurationPlatforms) = preSolution
		Debug|Any CPU = Debug|Any CPU
		Release|Any CPU = Release|Any CPU
	EndGlobalSection
	GlobalSection(ProjectConfigurationPlatforms) = postSolution
		{2F1EF791-A08A-481F-9836-624959884389}.Debug|Any CPU.ActiveCfg = Debug|Any CPU
		{2F1EF791-A08A-481F-9836-624959884389}.Debug|Any CPU.Build.0 = Debug|Any CPU
		{2F1EF791-A08A-481F-9836-624959884389}.Release|Any CPU.ActiveCfg = Release|Any CPU
		{2F1EF791-A08A-481F-9836-624959884389}.Release|Any CPU.Build.0 = Release|Any CPU
	EndGlobalSection
	GlobalSection(SolutionProperties) = preSolution
		HideSolutionNode = FALSE
	EndGlobalSection
	GlobalSection(ExtensibilityGlobals) = postSolution
		SolutionGuid = {58870E9D-F8BB-439D-A0BF-450262AFF6E1}
	EndGlobalSection
EndGlobal
