
Microsoft Visual Studio Solution File, Format Version 12.00
# Visual Studio Version 16
VisualStudioVersion = 16.0.31515.178
MinimumVisualStudioVersion = 10.0.40219.1
Project("{FAE04EC0-301F-11D3-BF4B-00C04F79EFBC}") = "MinFlipsMonoIncr", "MinFlipsMonoIncr.csproj", "{CABB54B6-ECB5-404B-9411-4EF70300166C}"
EndProject
Global
	GlobalSection(SolutionConfigurationPlatforms) = preSolution
		Debug|Any CPU = Debug|Any CPU
		Release|Any CPU = Release|Any CPU
	EndGlobalSection
	GlobalSection(ProjectConfigurationPlatforms) = postSolution
		{CABB54B6-ECB5-404B-9411-4EF70300166C}.Debug|Any CPU.ActiveCfg = Debug|Any CPU
		{CABB54B6-ECB5-404B-9411-4EF70300166C}.Debug|Any CPU.Build.0 = Debug|Any CPU
		{CABB54B6-ECB5-404B-9411-4EF70300166C}.Release|Any CPU.ActiveCfg = Release|Any CPU
		{CABB54B6-ECB5-404B-9411-4EF70300166C}.Release|Any CPU.Build.0 = Release|Any CPU
	EndGlobalSection
	GlobalSection(SolutionProperties) = preSolution
		HideSolutionNode = FALSE
	EndGlobalSection
	GlobalSection(ExtensibilityGlobals) = postSolution
		SolutionGuid = {DD5A2488-A947-4C40-B39D-23B138718408}
	EndGlobalSection
EndGlobal
